// !$*UTF8*$!
{
	archiveVersion = 1;
	classes = {
	};
	objectVersion = 42;
	objects = {

/* Begin PBXBuildFile section */
		11019ECA0367675E0CCB177F /* HID_Utilities_External.h in Headers */ = {isa = PBXBuildFile; fileRef = F94745EF01B301760ACA2316 /* HID_Utilities_External.h */; };
		113C0C60036745F00CCB177F /* HID_Transaction_Utilities.c in Sources */ = {isa = PBXBuildFile; fileRef = 113C0C5F036745F00CCB177F /* HID_Transaction_Utilities.c */; };
		58E2712C0CE3685D00FAEBB7 /* HIDLib.h in Headers */ = {isa = PBXBuildFile; fileRef = F94745EB01B2E50A0ACA2316 /* HIDLib.h */; };
		58E2712D0CE3685D00FAEBB7 /* HID_Utilities_Internal.h in Headers */ = {isa = PBXBuildFile; fileRef = F94745F001B301760ACA2316 /* HID_Utilities_Internal.h */; };
		58E2712E0CE3685D00FAEBB7 /* HID_Name_Lookup.h in Headers */ = {isa = PBXBuildFile; fileRef = F94467C302469A860ACA2316 /* HID_Name_Lookup.h */; };
		58E2712F0CE3685D00FAEBB7 /* HID_Utilities_External.h in Headers */ = {isa = PBXBuildFile; fileRef = F94745EF01B301760ACA2316 /* HID_Utilities_External.h */; };
		58E271310CE3685D00FAEBB7 /* HID_Config_Utilities.c in Sources */ = {isa = PBXBuildFile; fileRef = F94745D601B2DB130ACA2316 /* HID_Config_Utilities.c */; };
		58E271320CE3685D00FAEBB7 /* HID_Queue_Utilities.c in Sources */ = {isa = PBXBuildFile; fileRef = F94745DA01B2DB130ACA2316 /* HID_Queue_Utilities.c */; };
		58E271330CE3685D00FAEBB7 /* HID_Utilities.c in Sources */ = {isa = PBXBuildFile; fileRef = F94745E601B2DB720ACA2316 /* HID_Utilities.c */; };
		58E271340CE3685D00FAEBB7 /* HID_Error_Handler.c in Sources */ = {isa = PBXBuildFile; fileRef = F94745F301B3062C0ACA2316 /* HID_Error_Handler.c */; };
		58E271350CE3685D00FAEBB7 /* HID_Name_Lookup.c in Sources */ = {isa = PBXBuildFile; fileRef = F94467BD024699CF0ACA2316 /* HID_Name_Lookup.c */; };
		58E271360CE3685D00FAEBB7 /* HID_Transaction_Utilities.c in Sources */ = {isa = PBXBuildFile; fileRef = 113C0C5F036745F00CCB177F /* HID_Transaction_Utilities.c */; };
		C588A61A1A71665400B93FED /* HID_Name_Lookup.c in Sources */ = {isa = PBXBuildFile; fileRef = F94467BD024699CF0ACA2316 /* HID_Name_Lookup.c */; };
		C588A61B1A71665400B93FED /* HID_Config_Utilities.c in Sources */ = {isa = PBXBuildFile; fileRef = F94745D601B2DB130ACA2316 /* HID_Config_Utilities.c */; };
		C588A61C1A71665400B93FED /* HID_Error_Handler.c in Sources */ = {isa = PBXBuildFile; fileRef = F94745F301B3062C0ACA2316 /* HID_Error_Handler.c */; };
		C588A61D1A71665400B93FED /* HID_Queue_Utilities.c in Sources */ = {isa = PBXBuildFile; fileRef = F94745DA01B2DB130ACA2316 /* HID_Queue_Utilities.c */; };
		C588A61E1A71665400B93FED /* HID_Transaction_Utilities.c in Sources */ = {isa = PBXBuildFile; fileRef = 113C0C5F036745F00CCB177F /* HID_Transaction_Utilities.c */; };
		C588A61F1A71665400B93FED /* HID_Utilities.c in Sources */ = {isa = PBXBuildFile; fileRef = F94745E601B2DB720ACA2316 /* HID_Utilities.c */; };
		C588A6201A71665E00B93FED /* HIDLib.h in Headers */ = {isa = PBXBuildFile; fileRef = F94745EB01B2E50A0ACA2316 /* HIDLib.h */; };
		C588A6211A71665E00B93FED /* HID_Name_Lookup.h in Headers */ = {isa = PBXBuildFile; fileRef = F94467C302469A860ACA2316 /* HID_Name_Lookup.h */; };
		C588A6221A71665E00B93FED /* HID_Utilities_Internal.h in Headers */ = {isa = PBXBuildFile; fileRef = F94745F001B301760ACA2316 /* HID_Utilities_Internal.h */; };
		C588A6231A71666600B93FED /* HID_Utilities_External.h in Headers */ = {isa = PBXBuildFile; fileRef = F94745EF01B301760ACA2316 /* HID_Utilities_External.h */; };
		F94467BF024699CF0ACA2316 /* HID_Name_Lookup.c in Sources */ = {isa = PBXBuildFile; fileRef = F94467BD024699CF0ACA2316 /* HID_Name_Lookup.c */; };
		F94467C402469A860ACA2316 /* HID_Name_Lookup.h in Headers */ = {isa = PBXBuildFile; fileRef = F94467C302469A860ACA2316 /* HID_Name_Lookup.h */; };
		F94745DF01B2DB140ACA2316 /* HID_Config_Utilities.c in Sources */ = {isa = PBXBuildFile; fileRef = F94745D601B2DB130ACA2316 /* HID_Config_Utilities.c */; };
		F94745E101B2DB140ACA2316 /* HID_Queue_Utilities.c in Sources */ = {isa = PBXBuildFile; fileRef = F94745DA01B2DB130ACA2316 /* HID_Queue_Utilities.c */; };
		F94745EA01B2DB720ACA2316 /* HID_Utilities.c in Sources */ = {isa = PBXBuildFile; fileRef = F94745E601B2DB720ACA2316 /* HID_Utilities.c */; };
		F94745EC01B2E50A0ACA2316 /* HIDLib.h in Headers */ = {isa = PBXBuildFile; fileRef = F94745EB01B2E50A0ACA2316 /* HIDLib.h */; };
		F94745F201B301760ACA2316 /* HID_Utilities_Internal.h in Headers */ = {isa = PBXBuildFile; fileRef = F94745F001B301760ACA2316 /* HID_Utilities_Internal.h */; };
		F94745F401B3062C0ACA2316 /* HID_Error_Handler.c in Sources */ = {isa = PBXBuildFile; fileRef = F94745F301B3062C0ACA2316 /* HID_Error_Handler.c */; };
/* End PBXBuildFile section */

/* Begin PBXFileReference section */
		113C0C5F036745F00CCB177F /* HID_Transaction_Utilities.c */ = {isa = PBXFileReference; lastKnownFileType = sourcecode.c.c; path = HID_Transaction_Utilities.c; sourceTree = "<group>"; };
		11AB43E70369956C0CCB177F /* HID Utilities Read Me.rtf */ = {isa = PBXFileReference; lastKnownFileType = text.rtf; path = "HID Utilities Read Me.rtf"; sourceTree = "<group>"; };
		58E2713D0CE3685D00FAEBB7 /* libHIDUtilities.a */ = {isa = PBXFileReference; explicitFileType = archive.ar; includeInIndex = 0; path = libHIDUtilities.a; sourceTree = BUILT_PRODUCTS_DIR; };
		C588A6151A71664300B93FED /* libHIDUtilities.dylib */ = {isa = PBXFileReference; explicitFileType = "compiled.mach-o.dylib"; includeInIndex = 0; path = libHIDUtilities.dylib; sourceTree = BUILT_PRODUCTS_DIR; };
		F94467BD024699CF0ACA2316 /* HID_Name_Lookup.c */ = {isa = PBXFileReference; lastKnownFileType = sourcecode.c.c; path = HID_Name_Lookup.c; sourceTree = "<group>"; };
		F94467C302469A860ACA2316 /* HID_Name_Lookup.h */ = {isa = PBXFileReference; lastKnownFileType = sourcecode.c.h; path = HID_Name_Lookup.h; sourceTree = "<group>"; };
		F94745D001B2DB060ACA2316 /* libHIDUtilities.a */ = {isa = PBXFileReference; explicitFileType = "compiled.mach-o.dylib"; path = libHIDUtilities.a; sourceTree = BUILT_PRODUCTS_DIR; };
		F94745D601B2DB130ACA2316 /* HID_Config_Utilities.c */ = {isa = PBXFileReference; lastKnownFileType = sourcecode.c.c; path = HID_Config_Utilities.c; sourceTree = "<group>"; };
		F94745DA01B2DB130ACA2316 /* HID_Queue_Utilities.c */ = {isa = PBXFileReference; lastKnownFileType = sourcecode.c.c; path = HID_Queue_Utilities.c; sourceTree = "<group>"; };
		F94745E301B2DB720ACA2316 /* IOHIDPowerUsage.h */ = {isa = PBXFileReference; lastKnownFileType = sourcecode.c.h; path = IOHIDPowerUsage.h; sourceTree = "<group>"; };
		F94745E401B2DB720ACA2316 /* PID.h */ = {isa = PBXFileReference; lastKnownFileType = sourcecode.c.h; path = PID.h; sourceTree = "<group>"; };
		F94745E601B2DB720ACA2316 /* HID_Utilities.c */ = {isa = PBXFileReference; lastKnownFileType = sourcecode.c.c; path = HID_Utilities.c; sourceTree = "<group>"; };
		F94745EB01B2E50A0ACA2316 /* HIDLib.h */ = {isa = PBXFileReference; lastKnownFileType = sourcecode.c.h; path = HIDLib.h; sourceTree = "<group>"; };
		F94745EF01B301760ACA2316 /* HID_Utilities_External.h */ = {isa = PBXFileReference; lastKnownFileType = sourcecode.c.h; path = HID_Utilities_External.h; sourceTree = "<group>"; };
		F94745F001B301760ACA2316 /* HID_Utilities_Internal.h */ = {isa = PBXFileReference; lastKnownFileType = sourcecode.c.h; path = HID_Utilities_Internal.h; sourceTree = "<group>"; };
		F94745F301B3062C0ACA2316 /* HID_Error_Handler.c */ = {isa = PBXFileReference; lastKnownFileType = sourcecode.c.c; path = HID_Error_Handler.c; sourceTree = "<group>"; };
/* End PBXFileReference section */

/* Begin PBXFrameworksBuildPhase section */
		58E271370CE3685D00FAEBB7 /* Frameworks */ = {
			isa = PBXFrameworksBuildPhase;
			buildActionMask = 2147483647;
			files = (
			);
			runOnlyForDeploymentPostprocessing = 0;
		};
		C588A6121A71664300B93FED /* Frameworks */ = {
			isa = PBXFrameworksBuildPhase;
			buildActionMask = 2147483647;
			files = (
			);
			runOnlyForDeploymentPostprocessing = 0;
		};
		F94745D401B2DB060ACA2316 /* Frameworks */ = {
			isa = PBXFrameworksBuildPhase;
			buildActionMask = 2147483647;
			files = (
			);
			runOnlyForDeploymentPostprocessing = 0;
		};
/* End PBXFrameworksBuildPhase section */

/* Begin PBXGroup section */
		F65F9D7E01B4915C01CA2317 /* Libraries and Frameworks */ = {
			isa = PBXGroup;
			children = (
			);
			name = "Libraries and Frameworks";
			sourceTree = "<group>";
		};
		F94745CA01B2DAC40ACA2316 = {
			isa = PBXGroup;
			children = (
				11AB43E70369956C0CCB177F /* HID Utilities Read Me.rtf */,
				F94745CE01B2DB060ACA2316 /* Source */,
				F94745CD01B2DB060ACA2316 /* Internal Headers */,
				F94745E201B2DB720ACA2316 /* External Headers */,
				F65F9D7E01B4915C01CA2317 /* Libraries and Frameworks */,
				F94745CF01B2DB060ACA2316 /* Products */,
			);
			sourceTree = "<group>";
		};
		F94745CD01B2DB060ACA2316 /* Internal Headers */ = {
			isa = PBXGroup;
			children = (
				F94745EB01B2E50A0ACA2316 /* HIDLib.h */,
				F94467C302469A860ACA2316 /* HID_Name_Lookup.h */,
				F94745F001B301760ACA2316 /* HID_Utilities_Internal.h */,
			);
			name = "Internal Headers";
			sourceTree = "<group>";
		};
		F94745CE01B2DB060ACA2316 /* Source */ = {
			isa = PBXGroup;
			children = (
				F94467BD024699CF0ACA2316 /* HID_Name_Lookup.c */,
				F94745D601B2DB130ACA2316 /* HID_Config_Utilities.c */,
				F94745F301B3062C0ACA2316 /* HID_Error_Handler.c */,
				F94745DA01B2DB130ACA2316 /* HID_Queue_Utilities.c */,
				113C0C5F036745F00CCB177F /* HID_Transaction_Utilities.c */,
				F94745E601B2DB720ACA2316 /* HID_Utilities.c */,
			);
			name = Source;
			sourceTree = "<group>";
		};
		F94745CF01B2DB060ACA2316 /* Products */ = {
			isa = PBXGroup;
			children = (
				F94745D001B2DB060ACA2316 /* libHIDUtilities.a */,
				58E2713D0CE3685D00FAEBB7 /* libHIDUtilities.a */,
				C588A6151A71664300B93FED /* libHIDUtilities.dylib */,
			);
			name = Products;
			sourceTree = "<group>";
		};
		F94745E201B2DB720ACA2316 /* External Headers */ = {
			isa = PBXGroup;
			children = (
				F94745E301B2DB720ACA2316 /* IOHIDPowerUsage.h */,
				F94745E401B2DB720ACA2316 /* PID.h */,
				F94745EF01B301760ACA2316 /* HID_Utilities_External.h */,
			);
			name = "External Headers";
			sourceTree = "<group>";
		};
/* End PBXGroup section */

/* Begin PBXHeadersBuildPhase section */
		58E2712B0CE3685D00FAEBB7 /* Headers */ = {
			isa = PBXHeadersBuildPhase;
			buildActionMask = 2147483647;
			files = (
				58E2712C0CE3685D00FAEBB7 /* HIDLib.h in Headers */,
				58E2712D0CE3685D00FAEBB7 /* HID_Utilities_Internal.h in Headers */,
				58E2712E0CE3685D00FAEBB7 /* HID_Name_Lookup.h in Headers */,
				58E2712F0CE3685D00FAEBB7 /* HID_Utilities_External.h in Headers */,
			);
			runOnlyForDeploymentPostprocessing = 0;
		};
		C588A6131A71664300B93FED /* Headers */ = {
			isa = PBXHeadersBuildPhase;
			buildActionMask = 2147483647;
			files = (
				C588A6231A71666600B93FED /* HID_Utilities_External.h in Headers */,
				C588A6201A71665E00B93FED /* HIDLib.h in Headers */,
				C588A6211A71665E00B93FED /* HID_Name_Lookup.h in Headers */,
				C588A6221A71665E00B93FED /* HID_Utilities_Internal.h in Headers */,
			);
			runOnlyForDeploymentPostprocessing = 0;
		};
		F94745D201B2DB060ACA2316 /* Headers */ = {
			isa = PBXHeadersBuildPhase;
			buildActionMask = 2147483647;
			files = (
				F94745EC01B2E50A0ACA2316 /* HIDLib.h in Headers */,
				F94745F201B301760ACA2316 /* HID_Utilities_Internal.h in Headers */,
				F94467C402469A860ACA2316 /* HID_Name_Lookup.h in Headers */,
				11019ECA0367675E0CCB177F /* HID_Utilities_External.h in Headers */,
			);
			runOnlyForDeploymentPostprocessing = 0;
		};
/* End PBXHeadersBuildPhase section */

/* Begin PBXLibraryTarget section */
		F94745D101B2DB060ACA2316 /* libHIDUtilities.a */ = {
			isa = PBXLibraryTarget;
			buildConfigurationList = 5800EA270A961C0D000E998B /* Build configuration list for PBXLibraryTarget "libHIDUtilities.a" */;
			buildPhases = (
				F94745D201B2DB060ACA2316 /* Headers */,
				F94745D301B2DB060ACA2316 /* Sources */,
				F94745D401B2DB060ACA2316 /* Frameworks */,
				F94745D501B2DB060ACA2316 /* Rez */,
			);
			dependencies = (
			);
			name = libHIDUtilities.a;
			productName = libHIDUtilities.a;
			productReference = F94745D001B2DB060ACA2316 /* libHIDUtilities.a */;
		};
/* End PBXLibraryTarget section */

/* Begin PBXNativeTarget section */
		58E2712A0CE3685D00FAEBB7 /* libHIDUtilities.a (Upgraded) */ = {
			isa = PBXNativeTarget;
			buildConfigurationList = 58E271390CE3685D00FAEBB7 /* Build configuration list for PBXNativeTarget "libHIDUtilities.a (Upgraded)" */;
			buildPhases = (
				58E2712B0CE3685D00FAEBB7 /* Headers */,
				58E271300CE3685D00FAEBB7 /* Sources */,
				58E271370CE3685D00FAEBB7 /* Frameworks */,
				58E271380CE3685D00FAEBB7 /* Rez */,
			);
			buildRules = (
			);
			dependencies = (
			);
			name = "libHIDUtilities.a (Upgraded)";
			productName = libHIDUtilities.a;
			productReference = 58E2713D0CE3685D00FAEBB7 /* libHIDUtilities.a */;
			productType = "com.apple.product-type.library.static";
		};
		C588A6141A71664300B93FED /* libHIDUtilities */ = {
			isa = PBXNativeTarget;
			buildConfigurationList = C588A6191A71664300B93FED /* Build configuration list for PBXNativeTarget "libHIDUtilities" */;
			buildPhases = (
				C588A6111A71664300B93FED /* Sources */,
				C588A6121A71664300B93FED /* Frameworks */,
				C588A6131A71664300B93FED /* Headers */,
			);
			buildRules = (
			);
			dependencies = (
			);
			name = libHIDUtilities;
			productName = libHIDUtilities;
			productReference = C588A6151A71664300B93FED /* libHIDUtilities.dylib */;
			productType = "com.apple.product-type.library.dynamic";
		};
/* End PBXNativeTarget section */

/* Begin PBXProject section */
		F94745C901B2DAC40ACA2316 /* Project object */ = {
			isa = PBXProject;
			attributes = {
				TargetAttributes = {
					C588A6141A71664300B93FED = {
						CreatedOnToolsVersion = 6.1.1;
					};
				};
			};
			buildConfigurationList = 5800EA2B0A961C0D000E998B /* Build configuration list for PBXProject "HID Utilities Slib" */;
			compatibilityVersion = "Xcode 2.4";
			developmentRegion = English;
			hasScannedForEncodings = 0;
			knownRegions = (
				en,
			);
			mainGroup = F94745CA01B2DAC40ACA2316;
			productRefGroup = F94745CF01B2DB060ACA2316 /* Products */;
			projectDirPath = "";
			projectRoot = "";
			targets = (
				58E2712A0CE3685D00FAEBB7 /* libHIDUtilities.a (Upgraded) */,
				F94745D101B2DB060ACA2316 /* libHIDUtilities.a */,
				C588A6141A71664300B93FED /* libHIDUtilities */,
			);
		};
/* End PBXProject section */

/* Begin PBXRezBuildPhase section */
		58E271380CE3685D00FAEBB7 /* Rez */ = {
			isa = PBXRezBuildPhase;
			buildActionMask = 2147483647;
			files = (
			);
			runOnlyForDeploymentPostprocessing = 0;
		};
		F94745D501B2DB060ACA2316 /* Rez */ = {
			isa = PBXRezBuildPhase;
			buildActionMask = 2147483647;
			files = (
			);
			runOnlyForDeploymentPostprocessing = 0;
		};
/* End PBXRezBuildPhase section */

/* Begin PBXSourcesBuildPhase section */
		58E271300CE3685D00FAEBB7 /* Sources */ = {
			isa = PBXSourcesBuildPhase;
			buildActionMask = 2147483647;
			files = (
				58E271310CE3685D00FAEBB7 /* HID_Config_Utilities.c in Sources */,
				58E271320CE3685D00FAEBB7 /* HID_Queue_Utilities.c in Sources */,
				58E271330CE3685D00FAEBB7 /* HID_Utilities.c in Sources */,
				58E271340CE3685D00FAEBB7 /* HID_Error_Handler.c in Sources */,
				58E271350CE3685D00FAEBB7 /* HID_Name_Lookup.c in Sources */,
				58E271360CE3685D00FAEBB7 /* HID_Transaction_Utilities.c in Sources */,
			);
			runOnlyForDeploymentPostprocessing = 0;
		};
		C588A6111A71664300B93FED /* Sources */ = {
			isa = PBXSourcesBuildPhase;
			buildActionMask = 2147483647;
			files = (
				C588A61B1A71665400B93FED /* HID_Config_Utilities.c in Sources */,
				C588A61E1A71665400B93FED /* HID_Transaction_Utilities.c in Sources */,
				C588A61A1A71665400B93FED /* HID_Name_Lookup.c in Sources */,
				C588A61D1A71665400B93FED /* HID_Queue_Utilities.c in Sources */,
				C588A61F1A71665400B93FED /* HID_Utilities.c in Sources */,
				C588A61C1A71665400B93FED /* HID_Error_Handler.c in Sources */,
			);
			runOnlyForDeploymentPostprocessing = 0;
		};
		F94745D301B2DB060ACA2316 /* Sources */ = {
			isa = PBXSourcesBuildPhase;
			buildActionMask = 2147483647;
			files = (
				F94745DF01B2DB140ACA2316 /* HID_Config_Utilities.c in Sources */,
				F94745E101B2DB140ACA2316 /* HID_Queue_Utilities.c in Sources */,
				F94745EA01B2DB720ACA2316 /* HID_Utilities.c in Sources */,
				F94745F401B3062C0ACA2316 /* HID_Error_Handler.c in Sources */,
				F94467BF024699CF0ACA2316 /* HID_Name_Lookup.c in Sources */,
				113C0C60036745F00CCB177F /* HID_Transaction_Utilities.c in Sources */,
			);
			runOnlyForDeploymentPostprocessing = 0;
		};
/* End PBXSourcesBuildPhase section */

/* Begin XCBuildConfiguration section */
		5800EA280A961C0D000E998B /* Development */ = {
			isa = XCBuildConfiguration;
			buildSettings = {
				COPY_PHASE_STRIP = NO;
				GCC_DYNAMIC_NO_PIC = NO;
				GCC_ENABLE_FIX_AND_CONTINUE = YES;
				GCC_GENERATE_DEBUGGING_SYMBOLS = YES;
				GCC_OPTIMIZATION_LEVEL = 0;
				LIBRARY_STYLE = STATIC;
				OTHER_CFLAGS = "";
				OTHER_LDFLAGS = "";
				OTHER_LIBTOOL_FLAGS = "";
				OTHER_REZFLAGS = "";
				PREFIX_HEADER = HIDLib.h;
				PRODUCT_NAME = libHIDUtilities.a;
				REZ_EXECUTABLE = YES;
				SECTORDER_FLAGS = "";
				WARNING_CFLAGS = (
					"-Wmost",
					"-Wno-four-char-constants",
					"-Wno-unknown-pragmas",
				);
				ZERO_LINK = YES;
			};
			name = Development;
		};
		5800EA290A961C0D000E998B /* Deployment */ = {
			isa = XCBuildConfiguration;
			buildSettings = {
				COPY_PHASE_STRIP = YES;
				GCC_ENABLE_FIX_AND_CONTINUE = NO;
				LIBRARY_STYLE = STATIC;
				OTHER_CFLAGS = "";
				OTHER_LDFLAGS = "";
				OTHER_LIBTOOL_FLAGS = "";
				OTHER_REZFLAGS = "";
				PREFIX_HEADER = HIDLib.h;
				PRODUCT_NAME = libHIDUtilities.a;
				REZ_EXECUTABLE = YES;
				SECTORDER_FLAGS = "";
				WARNING_CFLAGS = (
					"-Wmost",
					"-Wno-four-char-constants",
					"-Wno-unknown-pragmas",
				);
				ZERO_LINK = NO;
			};
			name = Deployment;
		};
		5800EA2A0A961C0D000E998B /* Default */ = {
			isa = XCBuildConfiguration;
			buildSettings = {
				LIBRARY_STYLE = STATIC;
				OTHER_CFLAGS = "";
				OTHER_LDFLAGS = "";
				OTHER_LIBTOOL_FLAGS = "";
				OTHER_REZFLAGS = "";
				PREFIX_HEADER = HIDLib.h;
				PRODUCT_NAME = libHIDUtilities.a;
				REZ_EXECUTABLE = YES;
				SECTORDER_FLAGS = "";
				WARNING_CFLAGS = (
					"-Wmost",
					"-Wno-four-char-constants",
					"-Wno-unknown-pragmas",
				);
			};
			name = Default;
		};
		5800EA2C0A961C0D000E998B /* Development */ = {
			isa = XCBuildConfiguration;
			buildSettings = {
				SDKROOT = macosx10.10;
			};
			name = Development;
		};
		5800EA2D0A961C0D000E998B /* Deployment */ = {
			isa = XCBuildConfiguration;
			buildSettings = {
				ARCHS = (
					ppc,
					i386,
				);
				SDKROOT = macosx10.10;
			};
			name = Deployment;
		};
		5800EA2E0A961C0D000E998B /* Default */ = {
			isa = XCBuildConfiguration;
			buildSettings = {
				SDKROOT = macosx10.10;
			};
			name = Default;
		};
		58E2713A0CE3685D00FAEBB7 /* Development */ = {
			isa = XCBuildConfiguration;
			buildSettings = {
				COPY_PHASE_STRIP = NO;
				GCC_DYNAMIC_NO_PIC = NO;
				GCC_ENABLE_FIX_AND_CONTINUE = YES;
				GCC_GENERATE_DEBUGGING_SYMBOLS = YES;
				GCC_OPTIMIZATION_LEVEL = 0;
				GCC_PREFIX_HEADER = HIDLib.h;
				LIBRARY_STYLE = STATIC;
				OTHER_CFLAGS = "";
				OTHER_LDFLAGS = "";
				OTHER_LIBTOOL_FLAGS = "";
				OTHER_REZFLAGS = "";
				PRODUCT_NAME = HIDUtilities;
				REZ_EXECUTABLE = YES;
				SECTORDER_FLAGS = "";
				WARNING_CFLAGS = (
					"-Wmost",
					"-Wno-four-char-constants",
					"-Wno-unknown-pragmas",
				);
				ZERO_LINK = YES;
			};
			name = Development;
		};
		58E2713B0CE3685D00FAEBB7 /* Deployment */ = {
			isa = XCBuildConfiguration;
			buildSettings = {
				COPY_PHASE_STRIP = YES;
				GCC_ENABLE_FIX_AND_CONTINUE = NO;
				GCC_PREFIX_HEADER = HIDLib.h;
				LIBRARY_STYLE = STATIC;
				OTHER_CFLAGS = "";
				OTHER_LDFLAGS = "";
				OTHER_LIBTOOL_FLAGS = "";
				OTHER_REZFLAGS = "";
				PRODUCT_NAME = HIDUtilities;
				REZ_EXECUTABLE = YES;
				SECTORDER_FLAGS = "";
				WARNING_CFLAGS = (
					"-Wmost",
					"-Wno-four-char-constants",
					"-Wno-unknown-pragmas",
				);
				ZERO_LINK = NO;
			};
			name = Deployment;
		};
		58E2713C0CE3685D00FAEBB7 /* Default */ = {
			isa = XCBuildConfiguration;
			buildSettings = {
				GCC_PREFIX_HEADER = HIDLib.h;
				LIBRARY_STYLE = STATIC;
				OTHER_CFLAGS = "";
				OTHER_LDFLAGS = "";
				OTHER_LIBTOOL_FLAGS = "";
				OTHER_REZFLAGS = "";
				PRODUCT_NAME = HIDUtilities;
				REZ_EXECUTABLE = YES;
				SECTORDER_FLAGS = "";
				WARNING_CFLAGS = (
					"-Wmost",
					"-Wno-four-char-constants",
					"-Wno-unknown-pragmas",
				);
			};
			name = Default;
		};
		C588A6161A71664300B93FED /* Development */ = {
			isa = XCBuildConfiguration;
			buildSettings = {
				ALWAYS_SEARCH_USER_PATHS = NO;
				ARCHS = "$(ARCHS_STANDARD)";
				CLANG_CXX_LANGUAGE_STANDARD = "compiler-default";
				CLANG_CXX_LIBRARY = "libstdc++";
				CLANG_ENABLE_MODULES = YES;
				CLANG_ENABLE_OBJC_ARC = YES;
				CLANG_WARN_BOOL_CONVERSION = YES;
				CLANG_WARN_CONSTANT_CONVERSION = YES;
				CLANG_WARN_DIRECT_OBJC_ISA_USAGE = YES_ERROR;
				CLANG_WARN_EMPTY_BODY = YES;
				CLANG_WARN_ENUM_CONVERSION = YES;
				CLANG_WARN_INT_CONVERSION = YES;
				CLANG_WARN_OBJC_ROOT_CLASS = YES_ERROR;
				CLANG_WARN_UNREACHABLE_CODE = YES;
				CLANG_WARN__DUPLICATE_METHOD_MATCH = YES;
				COPY_PHASE_STRIP = NO;
				DEBUG_INFORMATION_FORMAT = dwarf;
				DSTROOT = "";
				DYLIB_COMPATIBILITY_VERSION = 1;
				DYLIB_CURRENT_VERSION = 1;
				ENABLE_STRICT_OBJC_MSGSEND = YES;
				EXECUTABLE_PREFIX = "";
				GCC_C_LANGUAGE_STANDARD = "compiler-default";
				GCC_DYNAMIC_NO_PIC = NO;
				GCC_OPTIMIZATION_LEVEL = 0;
				GCC_PREPROCESSOR_DEFINITIONS = (
					"DEBUG=1",
					"$(inherited)",
				);
				GCC_SYMBOLS_PRIVATE_EXTERN = NO;
				GCC_WARN_64_TO_32_BIT_CONVERSION = YES;
				GCC_WARN_ABOUT_RETURN_TYPE = YES_ERROR;
				GCC_WARN_UNDECLARED_SELECTOR = YES;
				GCC_WARN_UNINITIALIZED_AUTOS = YES_AGGRESSIVE;
				GCC_WARN_UNUSED_FUNCTION = YES;
				GCC_WARN_UNUSED_VARIABLE = YES;
				INSTALL_PATH = "@executable_path/../Frameworks";
				LD_RUNPATH_SEARCH_PATHS = "@executable_path/../Frameworks";
				MACOSX_DEPLOYMENT_TARGET = 10.10;
				MTL_ENABLE_DEBUG_INFO = YES;
				ONLY_ACTIVE_ARCH = YES;
				PRODUCT_NAME = "$(TARGET_NAME)";
				SDKROOT = macosx;
				VALID_ARCHS = x86_64;
			};
			name = Development;
		};
		C588A6171A71664300B93FED /* Deployment */ = {
			isa = XCBuildConfiguration;
			buildSettings = {
				ALWAYS_SEARCH_USER_PATHS = NO;
				ARCHS = "$(ARCHS_STANDARD)";
				CLANG_CXX_LANGUAGE_STANDARD = "compiler-default";
				CLANG_CXX_LIBRARY = "libstdc++";
				CLANG_ENABLE_MODULES = YES;
				CLANG_ENABLE_OBJC_ARC = YES;
				CLANG_WARN_BOOL_CONVERSION = YES;
				CLANG_WARN_CONSTANT_CONVERSION = YES;
				CLANG_WARN_DIRECT_OBJC_ISA_USAGE = YES_ERROR;
				CLANG_WARN_EMPTY_BODY = YES;
				CLANG_WARN_ENUM_CONVERSION = YES;
				CLANG_WARN_INT_CONVERSION = YES;
				CLANG_WARN_OBJC_ROOT_CLASS = YES_ERROR;
				CLANG_WARN_UNREACHABLE_CODE = YES;
				CLANG_WARN__DUPLICATE_METHOD_MATCH = YES;
				COPY_PHASE_STRIP = NO;
				DEBUG_INFORMATION_FORMAT = dwarf;
				DSTROOT = "";
				DYLIB_COMPATIBILITY_VERSION = 1;
				DYLIB_CURRENT_VERSION = 1;
				ENABLE_NS_ASSERTIONS = NO;
				ENABLE_STRICT_OBJC_MSGSEND = YES;
				EXECUTABLE_PREFIX = "";
				GCC_C_LANGUAGE_STANDARD = "compiler-default";
				GCC_WARN_64_TO_32_BIT_CONVERSION = YES;
				GCC_WARN_ABOUT_RETURN_TYPE = YES_ERROR;
				GCC_WARN_UNDECLARED_SELECTOR = YES;
				GCC_WARN_UNINITIALIZED_AUTOS = YES_AGGRESSIVE;
				GCC_WARN_UNUSED_FUNCTION = YES;
				GCC_WARN_UNUSED_VARIABLE = YES;
				INSTALL_PATH = "@executable_path/../Frameworks";
				LD_RUNPATH_SEARCH_PATHS = "@executable_path/../Frameworks";
				MACOSX_DEPLOYMENT_TARGET = 10.10;
				MTL_ENABLE_DEBUG_INFO = NO;
				ONLY_ACTIVE_ARCH = YES;
				PRODUCT_NAME = "$(TARGET_NAME)";
				SDKROOT = macosx;
				VALID_ARCHS = x86_64;
			};
			name = Deployment;
		};
		C588A6181A71664300B93FED /* Default */ = {
			isa = XCBuildConfiguration;
			buildSettings = {
				ALWAYS_SEARCH_USER_PATHS = NO;
				ARCHS = "$(ARCHS_STANDARD)";
				CLANG_CXX_LANGUAGE_STANDARD = "compiler-default";
				CLANG_CXX_LIBRARY = "libstdc++";
				CLANG_ENABLE_MODULES = YES;
				CLANG_ENABLE_OBJC_ARC = YES;
				CLANG_WARN_BOOL_CONVERSION = YES;
				CLANG_WARN_CONSTANT_CONVERSION = YES;
				CLANG_WARN_DIRECT_OBJC_ISA_USAGE = YES_ERROR;
				CLANG_WARN_EMPTY_BODY = YES;
				CLANG_WARN_ENUM_CONVERSION = YES;
				CLANG_WARN_INT_CONVERSION = YES;
				CLANG_WARN_OBJC_ROOT_CLASS = YES_ERROR;
				CLANG_WARN_UNREACHABLE_CODE = YES;
				CLANG_WARN__DUPLICATE_METHOD_MATCH = YES;
				COPY_PHASE_STRIP = NO;
				DEBUG_INFORMATION_FORMAT = dwarf;
				DSTROOT = "";
				DYLIB_COMPATIBILITY_VERSION = 1;
				DYLIB_CURRENT_VERSION = 1;
				ENABLE_NS_ASSERTIONS = NO;
				ENABLE_STRICT_OBJC_MSGSEND = YES;
				EXECUTABLE_PREFIX = "";
				GCC_C_LANGUAGE_STANDARD = "compiler-default";
				GCC_WARN_64_TO_32_BIT_CONVERSION = YES;
				GCC_WARN_ABOUT_RETURN_TYPE = YES_ERROR;
				GCC_WARN_UNDECLARED_SELECTOR = YES;
				GCC_WARN_UNINITIALIZED_AUTOS = YES_AGGRESSIVE;
				GCC_WARN_UNUSED_FUNCTION = YES;
				GCC_WARN_UNUSED_VARIABLE = YES;
				INSTALL_PATH = "@executable_path/../Frameworks";
				LD_RUNPATH_SEARCH_PATHS = "@executable_path/../Frameworks";
				MACOSX_DEPLOYMENT_TARGET = 10.10;
				MTL_ENABLE_DEBUG_INFO = NO;
				ONLY_ACTIVE_ARCH = YES;
				PRODUCT_NAME = "$(TARGET_NAME)";
				SDKROOT = macosx;
				VALID_ARCHS = x86_64;
			};
			name = Default;
		};
/* End XCBuildConfiguration section */

/* Begin XCConfigurationList section */
		5800EA270A961C0D000E998B /* Build configuration list for PBXLibraryTarget "libHIDUtilities.a" */ = {
			isa = XCConfigurationList;
			buildConfigurations = (
				5800EA280A961C0D000E998B /* Development */,
				5800EA290A961C0D000E998B /* Deployment */,
				5800EA2A0A961C0D000E998B /* Default */,
			);
			defaultConfigurationIsVisible = 0;
			defaultConfigurationName = Default;
		};
		5800EA2B0A961C0D000E998B /* Build configuration list for PBXProject "HID Utilities Slib" */ = {
			isa = XCConfigurationList;
			buildConfigurations = (
				5800EA2C0A961C0D000E998B /* Development */,
				5800EA2D0A961C0D000E998B /* Deployment */,
				5800EA2E0A961C0D000E998B /* Default */,
			);
			defaultConfigurationIsVisible = 0;
			defaultConfigurationName = Default;
		};
		58E271390CE3685D00FAEBB7 /* Build configuration list for PBXNativeTarget "libHIDUtilities.a (Upgraded)" */ = {
			isa = XCConfigurationList;
			buildConfigurations = (
				58E2713A0CE3685D00FAEBB7 /* Development */,
				58E2713B0CE3685D00FAEBB7 /* Deployment */,
				58E2713C0CE3685D00FAEBB7 /* Default */,
			);
			defaultConfigurationIsVisible = 0;
			defaultConfigurationName = Default;
		};
		C588A6191A71664300B93FED /* Build configuration list for PBXNativeTarget "libHIDUtilities" */ = {
			isa = XCConfigurationList;
			buildConfigurations = (
				C588A6161A71664300B93FED /* Development */,
				C588A6171A71664300B93FED /* Deployment */,
				C588A6181A71664300B93FED /* Default */,
			);
			defaultConfigurationIsVisible = 0;
			defaultConfigurationName = Default;
		};
/* End XCConfigurationList section */
	};
	rootObject = F94745C901B2DAC40ACA2316 /* Project object */;
}
